
Microsoft Visual Studio Solution File, Format Version 12.00
Project("{FAE04EC0-301F-11D3-BF4B-00C04F79EFBC}") = "ClassLibrary1", "ClassLibrary1.csproj", "{05DAC0F9-2A97-44B0-BBB5-B923423E16E7}"
EndProject
Project("{FAE04EC0-301F-11D3-BF4B-00C04F79EFBC}") = "TestProject1", "TestProject1\TestProject1.csproj", "{6674B664-F89A-4280-80D0-5A41626DFE45}"
EndProject
Global
	GlobalSection(SolutionConfigurationPlatforms) = preSolution
		Debug|Any CPU = Debug|Any CPU
		Release|Any CPU = Release|Any CPU
	EndGlobalSection
	GlobalSection(ProjectConfigurationPlatforms) = postSolution
		{05DAC0F9-2A97-44B0-BBB5-B923423E16E7}.Debug|Any CPU.ActiveCfg = Debug|Any CPU
		{05DAC0F9-2A97-44B0-BBB5-B923423E16E7}.Debug|Any CPU.Build.0 = Debug|Any CPU
		{05DAC0F9-2A97-44B0-BBB5-B923423E16E7}.Release|Any CPU.ActiveCfg = Release|Any CPU
		{05DAC0F9-2A97-44B0-BBB5-B923423E16E7}.Release|Any CPU.Build.0 = Release|Any CPU
		{6674B664-F89A-4280-80D0-5A41626DFE45}.Debug|Any CPU.ActiveCfg = Debug|Any CPU
		{6674B664-F89A-4280-80D0-5A41626DFE45}.Debug|Any CPU.Build.0 = Debug|Any CPU
		{6674B664-F89A-4280-80D0-5A41626DFE45}.Release|Any CPU.ActiveCfg = Release|Any CPU
		{6674B664-F89A-4280-80D0-5A41626DFE45}.Release|Any CPU.Build.0 = Release|Any CPU
	EndGlobalSection
EndGlobal
